
Microsoft Visual Studio Solution File, Format Version 12.00
# Visual Studio 15
VisualStudioVersion = 15.0.28307.421
MinimumVisualStudioVersion = 10.0.40219.1
Project("{FAE04EC0-301F-11D3-BF4B-00C04F79EFBC}") = "Capstone Project", "Capstone Project\Capstone Project.csproj", "{46275F8C-9549-40B8-9C10-E969A9F808C9}"
EndProject
Global
	GlobalSection(SolutionConfigurationPlatforms) = preSolution
		Debug|Any CPU = Debug|Any CPU
		Release|Any CPU = Release|Any CPU
	EndGlobalSection
	GlobalSection(ProjectConfigurationPlatforms) = postSolution
		{46275F8C-9549-40B8-9C10-E969A9F808C9}.Debug|Any CPU.ActiveCfg = Debug|Any CPU
		{46275F8C-9549-40B8-9C10-E969A9F808C9}.Debug|Any CPU.Build.0 = Debug|Any CPU
		{46275F8C-9549-40B8-9C10-E969A9F808C9}.Release|Any CPU.ActiveCfg = Release|Any CPU
		{46275F8C-9549-40B8-9C10-E969A9F808C9}.Release|Any CPU.Build.0 = Release|Any CPU
	EndGlobalSection
	GlobalSection(SolutionProperties) = preSolution
		HideSolutionNode = FALSE
	EndGlobalSection
	GlobalSection(ExtensibilityGlobals) = postSolution
		SolutionGuid = {7D4D5479-E429-451A-BA82-837335A566ED}
	EndGlobalSection
EndGlobal
